
Microsoft Visual Studio Solution File, Format Version 12.00
Project("{FAE04EC0-301F-11D3-BF4B-00C04F79EFBC}") = "Week 1", "Week 1\Week 1.csproj", "{55C6DABD-CB25-42B0-97C6-4F8B185F6E2A}"
EndProject
Project("{FAE04EC0-301F-11D3-BF4B-00C04F79EFBC}") = "Template", "Template\Template.csproj", "{DB359CDA-694A-41B8-91CF-CBE0BAC63A86}"
EndProject
Project("{FAE04EC0-301F-11D3-BF4B-00C04F79EFBC}") = "Week 2", "Week 2\Week 2.csproj", "{C444E134-7C9F-4BDC-85C5-6485D0754816}"
EndProject
Global
	GlobalSection(SolutionConfigurationPlatforms) = preSolution
		Debug|Any CPU = Debug|Any CPU
		Release|Any CPU = Release|Any CPU
	EndGlobalSection
	GlobalSection(ProjectConfigurationPlatforms) = postSolution
		{55C6DABD-CB25-42B0-97C6-4F8B185F6E2A}.Debug|Any CPU.ActiveCfg = Debug|Any CPU
		{55C6DABD-CB25-42B0-97C6-4F8B185F6E2A}.Debug|Any CPU.Build.0 = Debug|Any CPU
		{55C6DABD-CB25-42B0-97C6-4F8B185F6E2A}.Release|Any CPU.ActiveCfg = Release|Any CPU
		{55C6DABD-CB25-42B0-97C6-4F8B185F6E2A}.Release|Any CPU.Build.0 = Release|Any CPU
		{DB359CDA-694A-41B8-91CF-CBE0BAC63A86}.Debug|Any CPU.ActiveCfg = Debug|Any CPU
		{DB359CDA-694A-41B8-91CF-CBE0BAC63A86}.Debug|Any CPU.Build.0 = Debug|Any CPU
		{DB359CDA-694A-41B8-91CF-CBE0BAC63A86}.Release|Any CPU.ActiveCfg = Release|Any CPU
		{DB359CDA-694A-41B8-91CF-CBE0BAC63A86}.Release|Any CPU.Build.0 = Release|Any CPU
		{C444E134-7C9F-4BDC-85C5-6485D0754816}.Debug|Any CPU.ActiveCfg = Debug|Any CPU
		{C444E134-7C9F-4BDC-85C5-6485D0754816}.Debug|Any CPU.Build.0 = Debug|Any CPU
		{C444E134-7C9F-4BDC-85C5-6485D0754816}.Release|Any CPU.ActiveCfg = Release|Any CPU
		{C444E134-7C9F-4BDC-85C5-6485D0754816}.Release|Any CPU.Build.0 = Release|Any CPU
	EndGlobalSection
EndGlobal
