
Microsoft Visual Studio Solution File, Format Version 12.00
Project("{FAE04EC0-301F-11D3-BF4B-00C04F79EFBC}") = "Week 1", "Week 1\Week 1.csproj", "{55C6DABD-CB25-42B0-97C6-4F8B185F6E2A}"
EndProject
Project("{FAE04EC0-301F-11D3-BF4B-00C04F79EFBC}") = "Template", "Template\Template.csproj", "{DB359CDA-694A-41B8-91CF-CBE0BAC63A86}"
EndProject
Project("{FAE04EC0-301F-11D3-BF4B-00C04F79EFBC}") = "Week 2", "Week 2\Week 2.csproj", "{C444E134-7C9F-4BDC-85C5-6485D0754816}"
EndProject
Project("{FAE04EC0-301F-11D3-BF4B-00C04F79EFBC}") = "Week 3", "Week 3\Week 3.csproj", "{D2667E85-BE90-478E-AC03-9ED3A272510D}"
EndProject
Project("{FAE04EC0-301F-11D3-BF4B-00C04F79EFBC}") = "Week 4", "Week 4\Week 4.csproj", "{796651B7-73B0-4C7B-A5AE-72D77882317E}"
EndProject
Project("{FAE04EC0-301F-11D3-BF4B-00C04F79EFBC}") = "Week 5", "Week 5\Week 5.csproj", "{E5BB4078-7766-4E3D-A2CC-38FE1D90F17F}"
EndProject
Global
	GlobalSection(SolutionConfigurationPlatforms) = preSolution
		Debug|Any CPU = Debug|Any CPU
		Release|Any CPU = Release|Any CPU
	EndGlobalSection
	GlobalSection(ProjectConfigurationPlatforms) = postSolution
		{55C6DABD-CB25-42B0-97C6-4F8B185F6E2A}.Debug|Any CPU.ActiveCfg = Debug|Any CPU
		{55C6DABD-CB25-42B0-97C6-4F8B185F6E2A}.Debug|Any CPU.Build.0 = Debug|Any CPU
		{55C6DABD-CB25-42B0-97C6-4F8B185F6E2A}.Release|Any CPU.ActiveCfg = Release|Any CPU
		{55C6DABD-CB25-42B0-97C6-4F8B185F6E2A}.Release|Any CPU.Build.0 = Release|Any CPU
		{DB359CDA-694A-41B8-91CF-CBE0BAC63A86}.Debug|Any CPU.ActiveCfg = Debug|Any CPU
		{DB359CDA-694A-41B8-91CF-CBE0BAC63A86}.Debug|Any CPU.Build.0 = Debug|Any CPU
		{DB359CDA-694A-41B8-91CF-CBE0BAC63A86}.Release|Any CPU.ActiveCfg = Release|Any CPU
		{DB359CDA-694A-41B8-91CF-CBE0BAC63A86}.Release|Any CPU.Build.0 = Release|Any CPU
		{C444E134-7C9F-4BDC-85C5-6485D0754816}.Debug|Any CPU.ActiveCfg = Debug|Any CPU
		{C444E134-7C9F-4BDC-85C5-6485D0754816}.Debug|Any CPU.Build.0 = Debug|Any CPU
		{C444E134-7C9F-4BDC-85C5-6485D0754816}.Release|Any CPU.ActiveCfg = Release|Any CPU
		{C444E134-7C9F-4BDC-85C5-6485D0754816}.Release|Any CPU.Build.0 = Release|Any CPU
		{D2667E85-BE90-478E-AC03-9ED3A272510D}.Debug|Any CPU.ActiveCfg = Debug|Any CPU
		{D2667E85-BE90-478E-AC03-9ED3A272510D}.Debug|Any CPU.Build.0 = Debug|Any CPU
		{D2667E85-BE90-478E-AC03-9ED3A272510D}.Release|Any CPU.ActiveCfg = Release|Any CPU
		{D2667E85-BE90-478E-AC03-9ED3A272510D}.Release|Any CPU.Build.0 = Release|Any CPU
		{796651B7-73B0-4C7B-A5AE-72D77882317E}.Debug|Any CPU.ActiveCfg = Debug|Any CPU
		{796651B7-73B0-4C7B-A5AE-72D77882317E}.Debug|Any CPU.Build.0 = Debug|Any CPU
		{796651B7-73B0-4C7B-A5AE-72D77882317E}.Release|Any CPU.ActiveCfg = Release|Any CPU
		{796651B7-73B0-4C7B-A5AE-72D77882317E}.Release|Any CPU.Build.0 = Release|Any CPU
		{E5BB4078-7766-4E3D-A2CC-38FE1D90F17F}.Debug|Any CPU.ActiveCfg = Debug|Any CPU
		{E5BB4078-7766-4E3D-A2CC-38FE1D90F17F}.Debug|Any CPU.Build.0 = Debug|Any CPU
		{E5BB4078-7766-4E3D-A2CC-38FE1D90F17F}.Release|Any CPU.ActiveCfg = Release|Any CPU
		{E5BB4078-7766-4E3D-A2CC-38FE1D90F17F}.Release|Any CPU.Build.0 = Release|Any CPU
	EndGlobalSection
EndGlobal
